
Microsoft Visual Studio Solution File, Format Version 12.00
# Visual Studio Version 17
VisualStudioVersion = 17.0.31903.59
MinimumVisualStudioVersion = 10.0.40219.1
Project("{2150E333-8FDC-42A3-9474-1A3956D46DE8}") = "src", "src", "{422F41AF-C43E-4329-868B-80EE006B19DC}"
EndProject
Project("{9A19103F-16F7-4668-BE54-9A1E7A4F7556}") = "BookService", "src\BookService\BookService.csproj", "{93FFC0F0-9182-442F-A8FC-156C7E685DA4}"
EndProject
Project("{9A19103F-16F7-4668-BE54-9A1E7A4F7556}") = "InventoryService", "src\InventoryService\InventoryService.csproj", "{F6D25534-1C72-4A5E-A078-A5311C630FEC}"
EndProject
Project("{2150E333-8FDC-42A3-9474-1A3956D46DE8}") = "Solution Items", "Solution Items", "{5C391848-1552-47F1-863A-548BA517E66D}"
	ProjectSection(SolutionItems) = preProject
		..\..\..\Desktop\projekte\.NET_CQRS_MediatR_React.js_The_Book_Bazaar\TheBookBazaar\.env = ..\..\..\Desktop\projekte\.NET_CQRS_MediatR_React.js_The_Book_Bazaar\TheBookBazaar\.env
		docker-compose.yml = docker-compose.yml
	EndProjectSection
EndProject
Project("{9A19103F-16F7-4668-BE54-9A1E7A4F7556}") = "Contracts", "src\Contracts\Contracts.csproj", "{03536955-3A08-41D5-B30C-A2A684E05A86}"
EndProject
Project("{9A19103F-16F7-4668-BE54-9A1E7A4F7556}") = "OrderService", "src\OrderService\OrderService.csproj", "{1761C725-A1D6-4800-9CDE-AA92C00B9622}"
EndProject
Project("{9A19103F-16F7-4668-BE54-9A1E7A4F7556}") = "GatewayService", "src\GatewayService\GatewayService.csproj", "{55540387-7548-4D5D-A878-440F067702FA}"
EndProject
Project("{9A19103F-16F7-4668-BE54-9A1E7A4F7556}") = "AuthenticationService", "src\AuthenticationService\AuthenticationService.csproj", "{C11D71D4-AEBE-49B2-ABCE-F4F2E3A91976}"
EndProject
Project("{FAE04EC0-301F-11D3-BF4B-00C04F79EFBC}") = "TheBookBazaar", "src\TheBookBazaar\TheBookBazaar.csproj", "{F679157B-C2DB-4EA6-8C90-7B7FE8DB42F7}"
EndProject
Global
	GlobalSection(SolutionConfigurationPlatforms) = preSolution
		Debug|Any CPU = Debug|Any CPU
		Release|Any CPU = Release|Any CPU
	EndGlobalSection
	GlobalSection(ProjectConfigurationPlatforms) = postSolution
		{93FFC0F0-9182-442F-A8FC-156C7E685DA4}.Debug|Any CPU.ActiveCfg = Debug|Any CPU
		{93FFC0F0-9182-442F-A8FC-156C7E685DA4}.Debug|Any CPU.Build.0 = Debug|Any CPU
		{93FFC0F0-9182-442F-A8FC-156C7E685DA4}.Release|Any CPU.ActiveCfg = Release|Any CPU
		{93FFC0F0-9182-442F-A8FC-156C7E685DA4}.Release|Any CPU.Build.0 = Release|Any CPU
		{F6D25534-1C72-4A5E-A078-A5311C630FEC}.Debug|Any CPU.ActiveCfg = Debug|Any CPU
		{F6D25534-1C72-4A5E-A078-A5311C630FEC}.Debug|Any CPU.Build.0 = Debug|Any CPU
		{F6D25534-1C72-4A5E-A078-A5311C630FEC}.Release|Any CPU.ActiveCfg = Release|Any CPU
		{F6D25534-1C72-4A5E-A078-A5311C630FEC}.Release|Any CPU.Build.0 = Release|Any CPU
		{03536955-3A08-41D5-B30C-A2A684E05A86}.Debug|Any CPU.ActiveCfg = Debug|Any CPU
		{03536955-3A08-41D5-B30C-A2A684E05A86}.Debug|Any CPU.Build.0 = Debug|Any CPU
		{03536955-3A08-41D5-B30C-A2A684E05A86}.Release|Any CPU.ActiveCfg = Release|Any CPU
		{03536955-3A08-41D5-B30C-A2A684E05A86}.Release|Any CPU.Build.0 = Release|Any CPU
		{1761C725-A1D6-4800-9CDE-AA92C00B9622}.Debug|Any CPU.ActiveCfg = Debug|Any CPU
		{1761C725-A1D6-4800-9CDE-AA92C00B9622}.Debug|Any CPU.Build.0 = Debug|Any CPU
		{1761C725-A1D6-4800-9CDE-AA92C00B9622}.Release|Any CPU.ActiveCfg = Release|Any CPU
		{1761C725-A1D6-4800-9CDE-AA92C00B9622}.Release|Any CPU.Build.0 = Release|Any CPU
		{55540387-7548-4D5D-A878-440F067702FA}.Debug|Any CPU.ActiveCfg = Debug|Any CPU
		{55540387-7548-4D5D-A878-440F067702FA}.Debug|Any CPU.Build.0 = Debug|Any CPU
		{55540387-7548-4D5D-A878-440F067702FA}.Release|Any CPU.ActiveCfg = Release|Any CPU
		{55540387-7548-4D5D-A878-440F067702FA}.Release|Any CPU.Build.0 = Release|Any CPU
		{C11D71D4-AEBE-49B2-ABCE-F4F2E3A91976}.Debug|Any CPU.ActiveCfg = Debug|Any CPU
		{C11D71D4-AEBE-49B2-ABCE-F4F2E3A91976}.Debug|Any CPU.Build.0 = Debug|Any CPU
		{C11D71D4-AEBE-49B2-ABCE-F4F2E3A91976}.Release|Any CPU.ActiveCfg = Release|Any CPU
		{C11D71D4-AEBE-49B2-ABCE-F4F2E3A91976}.Release|Any CPU.Build.0 = Release|Any CPU
		{F679157B-C2DB-4EA6-8C90-7B7FE8DB42F7}.Debug|Any CPU.ActiveCfg = Debug|Any CPU
		{F679157B-C2DB-4EA6-8C90-7B7FE8DB42F7}.Debug|Any CPU.Build.0 = Debug|Any CPU
		{F679157B-C2DB-4EA6-8C90-7B7FE8DB42F7}.Release|Any CPU.ActiveCfg = Release|Any CPU
		{F679157B-C2DB-4EA6-8C90-7B7FE8DB42F7}.Release|Any CPU.Build.0 = Release|Any CPU
	EndGlobalSection
	GlobalSection(SolutionProperties) = preSolution
		HideSolutionNode = FALSE
	EndGlobalSection
	GlobalSection(NestedProjects) = preSolution
		{93FFC0F0-9182-442F-A8FC-156C7E685DA4} = {422F41AF-C43E-4329-868B-80EE006B19DC}
		{F6D25534-1C72-4A5E-A078-A5311C630FEC} = {422F41AF-C43E-4329-868B-80EE006B19DC}
		{03536955-3A08-41D5-B30C-A2A684E05A86} = {422F41AF-C43E-4329-868B-80EE006B19DC}
		{1761C725-A1D6-4800-9CDE-AA92C00B9622} = {422F41AF-C43E-4329-868B-80EE006B19DC}
		{55540387-7548-4D5D-A878-440F067702FA} = {422F41AF-C43E-4329-868B-80EE006B19DC}
		{C11D71D4-AEBE-49B2-ABCE-F4F2E3A91976} = {422F41AF-C43E-4329-868B-80EE006B19DC}
		{F679157B-C2DB-4EA6-8C90-7B7FE8DB42F7} = {422F41AF-C43E-4329-868B-80EE006B19DC}
	EndGlobalSection
	GlobalSection(ExtensibilityGlobals) = postSolution
		SolutionGuid = {02642870-5F22-44FF-AC7C-A95C3141FC4C}
	EndGlobalSection
EndGlobal
